
Microsoft Visual Studio Solution File, Format Version 12.00
# Visual Studio Version 17
VisualStudioVersion = 17.0.32112.339
MinimumVisualStudioVersion = 10.0.40219.1
Project("{F184B08F-C81C-45F6-A57F-5ABD9991F28F}") = "ListaZakupowa", "ListaZakupowa\ListaZakupowa.vbproj", "{7080E71D-D327-4A9D-8369-4E50E4F84EBE}"
EndProject
Project("{778DAE3C-4631-46EA-AA77-85C1314464D9}") = "VBlib", "VBlib\VBlib.vbproj", "{2CD0D910-5DE7-4CCF-A08A-F200B7AE9FBD}"
EndProject
Project("{F184B08F-C81C-45F6-A57F-5ABD9991F28F}") = "ShopCards", "ShopCards\ShopCards.vbproj", "{AE09A127-0BB1-49AF-A08B-69E3CB06AC61}"
EndProject
Project("{F184B08F-C81C-45F6-A57F-5ABD9991F28F}") = "VBlib_Karty", "VBlib_Karty\VBlib_Karty.vbproj", "{2ED61E30-2C06-446A-B173-93180767A5EA}"
EndProject
Global
	GlobalSection(SolutionConfigurationPlatforms) = preSolution
		Debug|Any CPU = Debug|Any CPU
		Debug|ARM = Debug|ARM
		Debug|ARM64 = Debug|ARM64
		Debug|x64 = Debug|x64
		Debug|x86 = Debug|x86
		Release|Any CPU = Release|Any CPU
		Release|ARM = Release|ARM
		Release|ARM64 = Release|ARM64
		Release|x64 = Release|x64
		Release|x86 = Release|x86
	EndGlobalSection
	GlobalSection(ProjectConfigurationPlatforms) = postSolution
		{7080E71D-D327-4A9D-8369-4E50E4F84EBE}.Debug|Any CPU.ActiveCfg = Debug|x64
		{7080E71D-D327-4A9D-8369-4E50E4F84EBE}.Debug|Any CPU.Build.0 = Debug|x64
		{7080E71D-D327-4A9D-8369-4E50E4F84EBE}.Debug|Any CPU.Deploy.0 = Debug|x64
		{7080E71D-D327-4A9D-8369-4E50E4F84EBE}.Debug|ARM.ActiveCfg = Debug|ARM
		{7080E71D-D327-4A9D-8369-4E50E4F84EBE}.Debug|ARM.Build.0 = Debug|ARM
		{7080E71D-D327-4A9D-8369-4E50E4F84EBE}.Debug|ARM.Deploy.0 = Debug|ARM
		{7080E71D-D327-4A9D-8369-4E50E4F84EBE}.Debug|ARM64.ActiveCfg = Debug|x64
		{7080E71D-D327-4A9D-8369-4E50E4F84EBE}.Debug|ARM64.Build.0 = Debug|x64
		{7080E71D-D327-4A9D-8369-4E50E4F84EBE}.Debug|ARM64.Deploy.0 = Debug|x64
		{7080E71D-D327-4A9D-8369-4E50E4F84EBE}.Debug|x64.ActiveCfg = Debug|x64
		{7080E71D-D327-4A9D-8369-4E50E4F84EBE}.Debug|x64.Build.0 = Debug|x64
		{7080E71D-D327-4A9D-8369-4E50E4F84EBE}.Debug|x64.Deploy.0 = Debug|x64
		{7080E71D-D327-4A9D-8369-4E50E4F84EBE}.Debug|x86.ActiveCfg = Debug|x86
		{7080E71D-D327-4A9D-8369-4E50E4F84EBE}.Debug|x86.Build.0 = Debug|x86
		{7080E71D-D327-4A9D-8369-4E50E4F84EBE}.Debug|x86.Deploy.0 = Debug|x86
		{7080E71D-D327-4A9D-8369-4E50E4F84EBE}.Release|Any CPU.ActiveCfg = Release|x64
		{7080E71D-D327-4A9D-8369-4E50E4F84EBE}.Release|Any CPU.Build.0 = Release|x64
		{7080E71D-D327-4A9D-8369-4E50E4F84EBE}.Release|Any CPU.Deploy.0 = Release|x64
		{7080E71D-D327-4A9D-8369-4E50E4F84EBE}.Release|ARM.ActiveCfg = Release|ARM
		{7080E71D-D327-4A9D-8369-4E50E4F84EBE}.Release|ARM.Build.0 = Release|ARM
		{7080E71D-D327-4A9D-8369-4E50E4F84EBE}.Release|ARM.Deploy.0 = Release|ARM
		{7080E71D-D327-4A9D-8369-4E50E4F84EBE}.Release|ARM64.ActiveCfg = Release|x64
		{7080E71D-D327-4A9D-8369-4E50E4F84EBE}.Release|ARM64.Build.0 = Release|x64
		{7080E71D-D327-4A9D-8369-4E50E4F84EBE}.Release|ARM64.Deploy.0 = Release|x64
		{7080E71D-D327-4A9D-8369-4E50E4F84EBE}.Release|x64.ActiveCfg = Release|x64
		{7080E71D-D327-4A9D-8369-4E50E4F84EBE}.Release|x64.Build.0 = Release|x64
		{7080E71D-D327-4A9D-8369-4E50E4F84EBE}.Release|x64.Deploy.0 = Release|x64
		{7080E71D-D327-4A9D-8369-4E50E4F84EBE}.Release|x86.ActiveCfg = Release|x86
		{7080E71D-D327-4A9D-8369-4E50E4F84EBE}.Release|x86.Build.0 = Release|x86
		{7080E71D-D327-4A9D-8369-4E50E4F84EBE}.Release|x86.Deploy.0 = Release|x86
		{2CD0D910-5DE7-4CCF-A08A-F200B7AE9FBD}.Debug|Any CPU.ActiveCfg = Debug|Any CPU
		{2CD0D910-5DE7-4CCF-A08A-F200B7AE9FBD}.Debug|Any CPU.Build.0 = Debug|Any CPU
		{2CD0D910-5DE7-4CCF-A08A-F200B7AE9FBD}.Debug|ARM.ActiveCfg = Debug|Any CPU
		{2CD0D910-5DE7-4CCF-A08A-F200B7AE9FBD}.Debug|ARM.Build.0 = Debug|Any CPU
		{2CD0D910-5DE7-4CCF-A08A-F200B7AE9FBD}.Debug|ARM64.ActiveCfg = Debug|Any CPU
		{2CD0D910-5DE7-4CCF-A08A-F200B7AE9FBD}.Debug|ARM64.Build.0 = Debug|Any CPU
		{2CD0D910-5DE7-4CCF-A08A-F200B7AE9FBD}.Debug|x64.ActiveCfg = Debug|Any CPU
		{2CD0D910-5DE7-4CCF-A08A-F200B7AE9FBD}.Debug|x64.Build.0 = Debug|Any CPU
		{2CD0D910-5DE7-4CCF-A08A-F200B7AE9FBD}.Debug|x86.ActiveCfg = Debug|Any CPU
		{2CD0D910-5DE7-4CCF-A08A-F200B7AE9FBD}.Debug|x86.Build.0 = Debug|Any CPU
		{2CD0D910-5DE7-4CCF-A08A-F200B7AE9FBD}.Release|Any CPU.ActiveCfg = Release|Any CPU
		{2CD0D910-5DE7-4CCF-A08A-F200B7AE9FBD}.Release|Any CPU.Build.0 = Release|Any CPU
		{2CD0D910-5DE7-4CCF-A08A-F200B7AE9FBD}.Release|ARM.ActiveCfg = Release|Any CPU
		{2CD0D910-5DE7-4CCF-A08A-F200B7AE9FBD}.Release|ARM.Build.0 = Release|Any CPU
		{2CD0D910-5DE7-4CCF-A08A-F200B7AE9FBD}.Release|ARM64.ActiveCfg = Release|Any CPU
		{2CD0D910-5DE7-4CCF-A08A-F200B7AE9FBD}.Release|ARM64.Build.0 = Release|Any CPU
		{2CD0D910-5DE7-4CCF-A08A-F200B7AE9FBD}.Release|x64.ActiveCfg = Release|Any CPU
		{2CD0D910-5DE7-4CCF-A08A-F200B7AE9FBD}.Release|x64.Build.0 = Release|Any CPU
		{2CD0D910-5DE7-4CCF-A08A-F200B7AE9FBD}.Release|x86.ActiveCfg = Release|Any CPU
		{2CD0D910-5DE7-4CCF-A08A-F200B7AE9FBD}.Release|x86.Build.0 = Release|Any CPU
		{AE09A127-0BB1-49AF-A08B-69E3CB06AC61}.Debug|Any CPU.ActiveCfg = Debug|x64
		{AE09A127-0BB1-49AF-A08B-69E3CB06AC61}.Debug|Any CPU.Build.0 = Debug|x64
		{AE09A127-0BB1-49AF-A08B-69E3CB06AC61}.Debug|Any CPU.Deploy.0 = Debug|x64
		{AE09A127-0BB1-49AF-A08B-69E3CB06AC61}.Debug|ARM.ActiveCfg = Debug|ARM
		{AE09A127-0BB1-49AF-A08B-69E3CB06AC61}.Debug|ARM.Build.0 = Debug|ARM
		{AE09A127-0BB1-49AF-A08B-69E3CB06AC61}.Debug|ARM.Deploy.0 = Debug|ARM
		{AE09A127-0BB1-49AF-A08B-69E3CB06AC61}.Debug|ARM64.ActiveCfg = Debug|ARM64
		{AE09A127-0BB1-49AF-A08B-69E3CB06AC61}.Debug|ARM64.Build.0 = Debug|ARM64
		{AE09A127-0BB1-49AF-A08B-69E3CB06AC61}.Debug|ARM64.Deploy.0 = Debug|ARM64
		{AE09A127-0BB1-49AF-A08B-69E3CB06AC61}.Debug|x64.ActiveCfg = Debug|x64
		{AE09A127-0BB1-49AF-A08B-69E3CB06AC61}.Debug|x64.Build.0 = Debug|x64
		{AE09A127-0BB1-49AF-A08B-69E3CB06AC61}.Debug|x64.Deploy.0 = Debug|x64
		{AE09A127-0BB1-49AF-A08B-69E3CB06AC61}.Debug|x86.ActiveCfg = Debug|x86
		{AE09A127-0BB1-49AF-A08B-69E3CB06AC61}.Debug|x86.Build.0 = Debug|x86
		{AE09A127-0BB1-49AF-A08B-69E3CB06AC61}.Debug|x86.Deploy.0 = Debug|x86
		{AE09A127-0BB1-49AF-A08B-69E3CB06AC61}.Release|Any CPU.ActiveCfg = Release|x64
		{AE09A127-0BB1-49AF-A08B-69E3CB06AC61}.Release|Any CPU.Build.0 = Release|x64
		{AE09A127-0BB1-49AF-A08B-69E3CB06AC61}.Release|Any CPU.Deploy.0 = Release|x64
		{AE09A127-0BB1-49AF-A08B-69E3CB06AC61}.Release|ARM.ActiveCfg = Release|ARM
		{AE09A127-0BB1-49AF-A08B-69E3CB06AC61}.Release|ARM.Build.0 = Release|ARM
		{AE09A127-0BB1-49AF-A08B-69E3CB06AC61}.Release|ARM.Deploy.0 = Release|ARM
		{AE09A127-0BB1-49AF-A08B-69E3CB06AC61}.Release|ARM64.ActiveCfg = Release|ARM64
		{AE09A127-0BB1-49AF-A08B-69E3CB06AC61}.Release|ARM64.Build.0 = Release|ARM64
		{AE09A127-0BB1-49AF-A08B-69E3CB06AC61}.Release|ARM64.Deploy.0 = Release|ARM64
		{AE09A127-0BB1-49AF-A08B-69E3CB06AC61}.Release|x64.ActiveCfg = Release|x64
		{AE09A127-0BB1-49AF-A08B-69E3CB06AC61}.Release|x64.Build.0 = Release|x64
		{AE09A127-0BB1-49AF-A08B-69E3CB06AC61}.Release|x64.Deploy.0 = Release|x64
		{AE09A127-0BB1-49AF-A08B-69E3CB06AC61}.Release|x86.ActiveCfg = Release|x86
		{AE09A127-0BB1-49AF-A08B-69E3CB06AC61}.Release|x86.Build.0 = Release|x86
		{AE09A127-0BB1-49AF-A08B-69E3CB06AC61}.Release|x86.Deploy.0 = Release|x86
		{2ED61E30-2C06-446A-B173-93180767A5EA}.Debug|Any CPU.ActiveCfg = Debug|Any CPU
		{2ED61E30-2C06-446A-B173-93180767A5EA}.Debug|Any CPU.Build.0 = Debug|Any CPU
		{2ED61E30-2C06-446A-B173-93180767A5EA}.Debug|ARM.ActiveCfg = Debug|Any CPU
		{2ED61E30-2C06-446A-B173-93180767A5EA}.Debug|ARM.Build.0 = Debug|Any CPU
		{2ED61E30-2C06-446A-B173-93180767A5EA}.Debug|ARM64.ActiveCfg = Debug|Any CPU
		{2ED61E30-2C06-446A-B173-93180767A5EA}.Debug|ARM64.Build.0 = Debug|Any CPU
		{2ED61E30-2C06-446A-B173-93180767A5EA}.Debug|x64.ActiveCfg = Debug|Any CPU
		{2ED61E30-2C06-446A-B173-93180767A5EA}.Debug|x64.Build.0 = Debug|Any CPU
		{2ED61E30-2C06-446A-B173-93180767A5EA}.Debug|x86.ActiveCfg = Debug|Any CPU
		{2ED61E30-2C06-446A-B173-93180767A5EA}.Debug|x86.Build.0 = Debug|Any CPU
		{2ED61E30-2C06-446A-B173-93180767A5EA}.Release|Any CPU.ActiveCfg = Release|Any CPU
		{2ED61E30-2C06-446A-B173-93180767A5EA}.Release|Any CPU.Build.0 = Release|Any CPU
		{2ED61E30-2C06-446A-B173-93180767A5EA}.Release|ARM.ActiveCfg = Release|Any CPU
		{2ED61E30-2C06-446A-B173-93180767A5EA}.Release|ARM.Build.0 = Release|Any CPU
		{2ED61E30-2C06-446A-B173-93180767A5EA}.Release|ARM64.ActiveCfg = Release|Any CPU
		{2ED61E30-2C06-446A-B173-93180767A5EA}.Release|ARM64.Build.0 = Release|Any CPU
		{2ED61E30-2C06-446A-B173-93180767A5EA}.Release|x64.ActiveCfg = Release|Any CPU
		{2ED61E30-2C06-446A-B173-93180767A5EA}.Release|x64.Build.0 = Release|Any CPU
		{2ED61E30-2C06-446A-B173-93180767A5EA}.Release|x86.ActiveCfg = Release|Any CPU
		{2ED61E30-2C06-446A-B173-93180767A5EA}.Release|x86.Build.0 = Release|Any CPU
	EndGlobalSection
	GlobalSection(SolutionProperties) = preSolution
		HideSolutionNode = FALSE
	EndGlobalSection
	GlobalSection(ExtensibilityGlobals) = postSolution
		SolutionGuid = {0A3B4219-72E6-4C98-B525-128D041E9735}
	EndGlobalSection
EndGlobal
